
Microsoft Visual Studio Solution File, Format Version 12.00
# Visual Studio Version 17
VisualStudioVersion = 17.0.31903.59
MinimumVisualStudioVersion = 10.0.40219.1
Project("{FAE04EC0-301F-11D3-BF4B-00C04F79EFBC}") = "Lox.Interpreted", "Lox.Interpreted\Lox.Interpreted.csproj", "{A12CEE44-9F20-4D9E-AFEE-BC079194E5EA}"
EndProject
Project("{FAE04EC0-301F-11D3-BF4B-00C04F79EFBC}") = "AstGenerator", "AstGenerator\AstGenerator.csproj", "{443071EC-26EA-4338-9828-C1903C2256A0}"
EndProject
Project("{FAE04EC0-301F-11D3-BF4B-00C04F79EFBC}") = "Frontend", "Frontend\Frontend.csproj", "{FD4423BF-FA11-4995-BED7-221A99AFD892}"
EndProject
Project("{FAE04EC0-301F-11D3-BF4B-00C04F79EFBC}") = "Shared", "Shared\Shared.csproj", "{EE6DB1DE-46C8-4A03-A5A2-9943FC0AD58E}"
EndProject
Project("{FAE04EC0-301F-11D3-BF4B-00C04F79EFBC}") = "Frontend.Test", "Frontend.Test\Frontend.Test.csproj", "{DAB7D5E7-2223-458E-8E23-2491AC523007}"
EndProject
Project("{FAE04EC0-301F-11D3-BF4B-00C04F79EFBC}") = "Lox.E2E", "Lox.E2E\Lox.E2E.csproj", "{0C31D24C-2FCE-4EFC-A28B-5A5F71887664}"
EndProject
Project("{FAE04EC0-301F-11D3-BF4B-00C04F79EFBC}") = "Lox.VM", "Lox.VM\Lox.VM.csproj", "{6EB49FE2-17BF-4B26-826C-93E4405EB554}"
EndProject
Global
	GlobalSection(SolutionConfigurationPlatforms) = preSolution
		Debug|Any CPU = Debug|Any CPU
		Release|Any CPU = Release|Any CPU
	EndGlobalSection
	GlobalSection(SolutionProperties) = preSolution
		HideSolutionNode = FALSE
	EndGlobalSection
	GlobalSection(ProjectConfigurationPlatforms) = postSolution
		{A12CEE44-9F20-4D9E-AFEE-BC079194E5EA}.Debug|Any CPU.ActiveCfg = Debug|Any CPU
		{A12CEE44-9F20-4D9E-AFEE-BC079194E5EA}.Debug|Any CPU.Build.0 = Debug|Any CPU
		{A12CEE44-9F20-4D9E-AFEE-BC079194E5EA}.Release|Any CPU.ActiveCfg = Release|Any CPU
		{A12CEE44-9F20-4D9E-AFEE-BC079194E5EA}.Release|Any CPU.Build.0 = Release|Any CPU
		{1CA309AA-3E4E-47EF-AAD4-4C87D54F06E1}.Debug|Any CPU.ActiveCfg = Debug|Any CPU
		{1CA309AA-3E4E-47EF-AAD4-4C87D54F06E1}.Debug|Any CPU.Build.0 = Debug|Any CPU
		{1CA309AA-3E4E-47EF-AAD4-4C87D54F06E1}.Release|Any CPU.ActiveCfg = Release|Any CPU
		{1CA309AA-3E4E-47EF-AAD4-4C87D54F06E1}.Release|Any CPU.Build.0 = Release|Any CPU
		{443071EC-26EA-4338-9828-C1903C2256A0}.Debug|Any CPU.ActiveCfg = Debug|Any CPU
		{443071EC-26EA-4338-9828-C1903C2256A0}.Debug|Any CPU.Build.0 = Debug|Any CPU
		{443071EC-26EA-4338-9828-C1903C2256A0}.Release|Any CPU.ActiveCfg = Release|Any CPU
		{443071EC-26EA-4338-9828-C1903C2256A0}.Release|Any CPU.Build.0 = Release|Any CPU
		{A6A1261E-1343-43AF-941F-417425DF118F}.Debug|Any CPU.ActiveCfg = Debug|Any CPU
		{A6A1261E-1343-43AF-941F-417425DF118F}.Debug|Any CPU.Build.0 = Debug|Any CPU
		{A6A1261E-1343-43AF-941F-417425DF118F}.Release|Any CPU.ActiveCfg = Release|Any CPU
		{A6A1261E-1343-43AF-941F-417425DF118F}.Release|Any CPU.Build.0 = Release|Any CPU
		{FD4423BF-FA11-4995-BED7-221A99AFD892}.Debug|Any CPU.ActiveCfg = Debug|Any CPU
		{FD4423BF-FA11-4995-BED7-221A99AFD892}.Debug|Any CPU.Build.0 = Debug|Any CPU
		{FD4423BF-FA11-4995-BED7-221A99AFD892}.Release|Any CPU.ActiveCfg = Release|Any CPU
		{FD4423BF-FA11-4995-BED7-221A99AFD892}.Release|Any CPU.Build.0 = Release|Any CPU
		{EE6DB1DE-46C8-4A03-A5A2-9943FC0AD58E}.Debug|Any CPU.ActiveCfg = Debug|Any CPU
		{EE6DB1DE-46C8-4A03-A5A2-9943FC0AD58E}.Debug|Any CPU.Build.0 = Debug|Any CPU
		{EE6DB1DE-46C8-4A03-A5A2-9943FC0AD58E}.Release|Any CPU.ActiveCfg = Release|Any CPU
		{EE6DB1DE-46C8-4A03-A5A2-9943FC0AD58E}.Release|Any CPU.Build.0 = Release|Any CPU
		{DAB7D5E7-2223-458E-8E23-2491AC523007}.Debug|Any CPU.ActiveCfg = Debug|Any CPU
		{DAB7D5E7-2223-458E-8E23-2491AC523007}.Debug|Any CPU.Build.0 = Debug|Any CPU
		{DAB7D5E7-2223-458E-8E23-2491AC523007}.Release|Any CPU.ActiveCfg = Release|Any CPU
		{DAB7D5E7-2223-458E-8E23-2491AC523007}.Release|Any CPU.Build.0 = Release|Any CPU
		{0C31D24C-2FCE-4EFC-A28B-5A5F71887664}.Debug|Any CPU.ActiveCfg = Debug|Any CPU
		{0C31D24C-2FCE-4EFC-A28B-5A5F71887664}.Debug|Any CPU.Build.0 = Debug|Any CPU
		{0C31D24C-2FCE-4EFC-A28B-5A5F71887664}.Release|Any CPU.ActiveCfg = Release|Any CPU
		{0C31D24C-2FCE-4EFC-A28B-5A5F71887664}.Release|Any CPU.Build.0 = Release|Any CPU
		{6EB49FE2-17BF-4B26-826C-93E4405EB554}.Debug|Any CPU.ActiveCfg = Debug|Any CPU
		{6EB49FE2-17BF-4B26-826C-93E4405EB554}.Debug|Any CPU.Build.0 = Debug|Any CPU
		{6EB49FE2-17BF-4B26-826C-93E4405EB554}.Release|Any CPU.ActiveCfg = Release|Any CPU
		{6EB49FE2-17BF-4B26-826C-93E4405EB554}.Release|Any CPU.Build.0 = Release|Any CPU
	EndGlobalSection
EndGlobal
